// !$*UTF8*$!
{
	archiveVersion = 1;
	classes = {
	};
	objectVersion = 46;
	objects = {

/* Begin PBXBuildFile section */
		03DDE18019CE497F008029A8 /* AppDelegate.swift in Sources */ = {isa = PBXBuildFile; fileRef = 03DDE17F19CE497F008029A8 /* AppDelegate.swift */; };
		03DDE18219CE497F008029A8 /* art.scnassets in Resources */ = {isa = PBXBuildFile; fileRef = 03DDE18119CE497F008029A8 /* art.scnassets */; };
		03DDE18419CE497F008029A8 /* GameViewController.swift in Sources */ = {isa = PBXBuildFile; fileRef = 03DDE18319CE497F008029A8 /* GameViewController.swift */; };
		03DDE18719CE497F008029A8 /* Main.storyboard in Resources */ = {isa = PBXBuildFile; fileRef = 03DDE18519CE497F008029A8 /* Main.storyboard */; };
		03DDE18919CE497F008029A8 /* Images.xcassets in Resources */ = {isa = PBXBuildFile; fileRef = 03DDE18819CE497F008029A8 /* Images.xcassets */; };
		03DDE18C19CE497F008029A8 /* LaunchScreen.xib in Resources */ = {isa = PBXBuildFile; fileRef = 03DDE18A19CE497F008029A8 /* LaunchScreen.xib */; };
		57009F501B40CF4400E3EE83 /* SCNLink.swift in Sources */ = {isa = PBXBuildFile; fileRef = 57009F4F1B40CF4400E3EE83 /* SCNLink.swift */; };
		570599461B909E8E000F3E31 /* SCNPoly.swift in Sources */ = {isa = PBXBuildFile; fileRef = 570599451B909E8E000F3E31 /* SCNPoly.swift */; };
		570599481B90A20B000F3E31 /* SCNTriangle.swift in Sources */ = {isa = PBXBuildFile; fileRef = 570599471B90A20B000F3E31 /* SCNTriangle.swift */; };
		5705994A1B90D2F4000F3E31 /* PanelWindow.swift in Sources */ = {isa = PBXBuildFile; fileRef = 570599491B90D2F4000F3E31 /* PanelWindow.swift */; };
		5705994C1B90D8D9000F3E31 /* CoreSpace.swift in Sources */ = {isa = PBXBuildFile; fileRef = 5705994B1B90D8D9000F3E31 /* CoreSpace.swift */; };
		5717006E1B4D912000A8F563 /* PanelScanner.swift in Sources */ = {isa = PBXBuildFile; fileRef = 5717006D1B4D912000A8F563 /* PanelScanner.swift */; };
		5734D45C1B5AAA7800BF0048 /* Todo in Resources */ = {isa = PBXBuildFile; fileRef = 5734D45B1B5AAA7800BF0048 /* Todo */; };
		5734D45E1B5AB36D00BF0048 /* CoreTime.swift in Sources */ = {isa = PBXBuildFile; fileRef = 5734D45D1B5AB36D00BF0048 /* CoreTime.swift */; };
		5734D4601B5AB4C400BF0048 /* CoreUniverse.swift in Sources */ = {isa = PBXBuildFile; fileRef = 5734D45F1B5AB4C400BF0048 /* CoreUniverse.swift */; };
		573627761B4BFD2900899EBC /* SCNKnob.swift in Sources */ = {isa = PBXBuildFile; fileRef = 573627751B4BFD2900899EBC /* SCNKnob.swift */; };
		573627781B4C06DF00899EBC /* SCNToggle.swift in Sources */ = {isa = PBXBuildFile; fileRef = 573627771B4C06DF00899EBC /* SCNToggle.swift */; };
		5736277C1B4C0A2300899EBC /* PanelBreaker.swift in Sources */ = {isa = PBXBuildFile; fileRef = 5736277B1B4C0A2300899EBC /* PanelBreaker.swift */; };
		573EDAB31B4B46C4007C6D3C /* PanelMonitor.swift in Sources */ = {isa = PBXBuildFile; fileRef = 573EDAB21B4B46C4007C6D3C /* PanelMonitor.swift */; };
		573EDAB51B4B4762007C6D3C /* PanelNavigation.swift in Sources */ = {isa = PBXBuildFile; fileRef = 573EDAB41B4B4762007C6D3C /* PanelNavigation.swift */; };
		573EDAB71B4B4FCE007C6D3C /* PanelThruster.swift in Sources */ = {isa = PBXBuildFile; fileRef = 573EDAB61B4B4FCE007C6D3C /* PanelThruster.swift */; };
		57858B231B546BD900DD9E4E /* SCNLine.swift in Sources */ = {isa = PBXBuildFile; fileRef = 57858B221B546BD900DD9E4E /* SCNLine.swift */; };
		578E954B1B59A06600B33294 /* SCNArrow.swift in Sources */ = {isa = PBXBuildFile; fileRef = 578E954A1B59A06600B33294 /* SCNArrow.swift */; };
		579419721B58A3D200F9FF87 /* CorePlayer.swift in Sources */ = {isa = PBXBuildFile; fileRef = 579419711B58A3D200F9FF87 /* CorePlayer.swift */; };
		57A0F10D1B3DCD640007650F /* PanelRadar.swift in Sources */ = {isa = PBXBuildFile; fileRef = 57A0F10C1B3DCD640007650F /* PanelRadar.swift */; };
		57A0F10F1B3DDABF0007650F /* SCNEvent.swift in Sources */ = {isa = PBXBuildFile; fileRef = 57A0F10E1B3DDABF0007650F /* SCNEvent.swift */; };
		57DB87001BAE389600DA5DE4 /* SCNPort.swift in Sources */ = {isa = PBXBuildFile; fileRef = 57DB86FF1BAE389600DA5DE4 /* SCNPort.swift */; settings = {ASSET_TAGS = (); }; };
		57DCE9D51B38EDCF0054613E /* SCNLabel.swift in Sources */ = {isa = PBXBuildFile; fileRef = 57DCE9D41B38EDCF0054613E /* SCNLabel.swift */; };
		57F3D8C71B58215400B9B859 /* CoreCapsule.swift in Sources */ = {isa = PBXBuildFile; fileRef = 57F3D8C61B58215400B9B859 /* CoreCapsule.swift */; };
		57F645F11B4CA2700088D115 /* PanelBeacon.swift in Sources */ = {isa = PBXBuildFile; fileRef = 57F645F01B4CA2700088D115 /* PanelBeacon.swift */; };
		57F645F31B4CA3710088D115 /* SCNButton.swift in Sources */ = {isa = PBXBuildFile; fileRef = 57F645F21B4CA3710088D115 /* SCNButton.swift */; };
		57F645F51B4CACB60088D115 /* PanelRadio.swift in Sources */ = {isa = PBXBuildFile; fileRef = 57F645F41B4CACB60088D115 /* PanelRadio.swift */; };
		57F645F71B4CC0C20088D115 /* PanelConsole.swift in Sources */ = {isa = PBXBuildFile; fileRef = 57F645F61B4CC0C20088D115 /* PanelConsole.swift */; };
/* End PBXBuildFile section */

/* Begin PBXFileReference section */
		03DDE17A19CE497F008029A8 /* Verreciel.app */ = {isa = PBXFileReference; explicitFileType = wrapper.application; includeInIndex = 0; path = Verreciel.app; sourceTree = BUILT_PRODUCTS_DIR; };
		03DDE17E19CE497F008029A8 /* Info.plist */ = {isa = PBXFileReference; lastKnownFileType = text.plist.xml; path = Info.plist; sourceTree = "<group>"; };
		03DDE17F19CE497F008029A8 /* AppDelegate.swift */ = {isa = PBXFileReference; lastKnownFileType = sourcecode.swift; path = AppDelegate.swift; sourceTree = "<group>"; };
		03DDE18119CE497F008029A8 /* art.scnassets */ = {isa = PBXFileReference; lastKnownFileType = wrapper.scnassets; path = art.scnassets; sourceTree = "<group>"; };
		03DDE18319CE497F008029A8 /* GameViewController.swift */ = {isa = PBXFileReference; lastKnownFileType = sourcecode.swift; path = GameViewController.swift; sourceTree = "<group>"; };
		03DDE18619CE497F008029A8 /* Base */ = {isa = PBXFileReference; lastKnownFileType = file.storyboard; name = Base; path = Base.lproj/Main.storyboard; sourceTree = "<group>"; };
		03DDE18819CE497F008029A8 /* Images.xcassets */ = {isa = PBXFileReference; lastKnownFileType = folder.assetcatalog; path = Images.xcassets; sourceTree = "<group>"; };
		03DDE18B19CE497F008029A8 /* Base */ = {isa = PBXFileReference; lastKnownFileType = file.xib; name = Base; path = Base.lproj/LaunchScreen.xib; sourceTree = "<group>"; };
		03DDE19619CE497F008029A8 /* Info.plist */ = {isa = PBXFileReference; lastKnownFileType = text.plist.xml; path = Info.plist; sourceTree = "<group>"; };
		03DDE19719CE497F008029A8 /* verdecielTests.swift */ = {isa = PBXFileReference; lastKnownFileType = sourcecode.swift; path = verdecielTests.swift; sourceTree = "<group>"; };
		57009F4F1B40CF4400E3EE83 /* SCNLink.swift */ = {isa = PBXFileReference; fileEncoding = 4; lastKnownFileType = sourcecode.swift; path = SCNLink.swift; sourceTree = "<group>"; };
		570599451B909E8E000F3E31 /* SCNPoly.swift */ = {isa = PBXFileReference; fileEncoding = 4; lastKnownFileType = sourcecode.swift; path = SCNPoly.swift; sourceTree = "<group>"; };
		570599471B90A20B000F3E31 /* SCNTriangle.swift */ = {isa = PBXFileReference; fileEncoding = 4; lastKnownFileType = sourcecode.swift; path = SCNTriangle.swift; sourceTree = "<group>"; };
		570599491B90D2F4000F3E31 /* PanelWindow.swift */ = {isa = PBXFileReference; fileEncoding = 4; lastKnownFileType = sourcecode.swift; path = PanelWindow.swift; sourceTree = "<group>"; };
		5705994B1B90D8D9000F3E31 /* CoreSpace.swift */ = {isa = PBXFileReference; fileEncoding = 4; lastKnownFileType = sourcecode.swift; path = CoreSpace.swift; sourceTree = "<group>"; };
		5717006D1B4D912000A8F563 /* PanelScanner.swift */ = {isa = PBXFileReference; fileEncoding = 4; lastKnownFileType = sourcecode.swift; path = PanelScanner.swift; sourceTree = "<group>"; };
		5734D45B1B5AAA7800BF0048 /* Todo */ = {isa = PBXFileReference; fileEncoding = 4; lastKnownFileType = text; path = Todo; sourceTree = "<group>"; };
		5734D45D1B5AB36D00BF0048 /* CoreTime.swift */ = {isa = PBXFileReference; fileEncoding = 4; lastKnownFileType = sourcecode.swift; path = CoreTime.swift; sourceTree = "<group>"; };
		5734D45F1B5AB4C400BF0048 /* CoreUniverse.swift */ = {isa = PBXFileReference; fileEncoding = 4; lastKnownFileType = sourcecode.swift; path = CoreUniverse.swift; sourceTree = "<group>"; };
		573627751B4BFD2900899EBC /* SCNKnob.swift */ = {isa = PBXFileReference; fileEncoding = 4; lastKnownFileType = sourcecode.swift; path = SCNKnob.swift; sourceTree = "<group>"; };
		573627771B4C06DF00899EBC /* SCNToggle.swift */ = {isa = PBXFileReference; fileEncoding = 4; lastKnownFileType = sourcecode.swift; path = SCNToggle.swift; sourceTree = "<group>"; };
		5736277B1B4C0A2300899EBC /* PanelBreaker.swift */ = {isa = PBXFileReference; fileEncoding = 4; lastKnownFileType = sourcecode.swift; path = PanelBreaker.swift; sourceTree = "<group>"; };
		573EDAB21B4B46C4007C6D3C /* PanelMonitor.swift */ = {isa = PBXFileReference; fileEncoding = 4; lastKnownFileType = sourcecode.swift; path = PanelMonitor.swift; sourceTree = "<group>"; };
		573EDAB41B4B4762007C6D3C /* PanelNavigation.swift */ = {isa = PBXFileReference; fileEncoding = 4; lastKnownFileType = sourcecode.swift; path = PanelNavigation.swift; sourceTree = "<group>"; };
		573EDAB61B4B4FCE007C6D3C /* PanelThruster.swift */ = {isa = PBXFileReference; fileEncoding = 4; lastKnownFileType = sourcecode.swift; path = PanelThruster.swift; sourceTree = "<group>"; };
		57858B221B546BD900DD9E4E /* SCNLine.swift */ = {isa = PBXFileReference; fileEncoding = 4; lastKnownFileType = sourcecode.swift; path = SCNLine.swift; sourceTree = "<group>"; };
		578E954A1B59A06600B33294 /* SCNArrow.swift */ = {isa = PBXFileReference; fileEncoding = 4; lastKnownFileType = sourcecode.swift; path = SCNArrow.swift; sourceTree = "<group>"; };
		579419711B58A3D200F9FF87 /* CorePlayer.swift */ = {isa = PBXFileReference; fileEncoding = 4; lastKnownFileType = sourcecode.swift; path = CorePlayer.swift; sourceTree = "<group>"; };
		57A0F10C1B3DCD640007650F /* PanelRadar.swift */ = {isa = PBXFileReference; fileEncoding = 4; lastKnownFileType = sourcecode.swift; path = PanelRadar.swift; sourceTree = "<group>"; };
		57A0F10E1B3DDABF0007650F /* SCNEvent.swift */ = {isa = PBXFileReference; fileEncoding = 4; lastKnownFileType = sourcecode.swift; path = SCNEvent.swift; sourceTree = "<group>"; };
		57DB86FF1BAE389600DA5DE4 /* SCNPort.swift */ = {isa = PBXFileReference; fileEncoding = 4; lastKnownFileType = sourcecode.swift; path = SCNPort.swift; sourceTree = "<group>"; };
		57DCE9D41B38EDCF0054613E /* SCNLabel.swift */ = {isa = PBXFileReference; fileEncoding = 4; lastKnownFileType = sourcecode.swift; path = SCNLabel.swift; sourceTree = "<group>"; };
		57F3D8C61B58215400B9B859 /* CoreCapsule.swift */ = {isa = PBXFileReference; fileEncoding = 4; lastKnownFileType = sourcecode.swift; path = CoreCapsule.swift; sourceTree = "<group>"; };
		57F645F01B4CA2700088D115 /* PanelBeacon.swift */ = {isa = PBXFileReference; fileEncoding = 4; lastKnownFileType = sourcecode.swift; path = PanelBeacon.swift; sourceTree = "<group>"; };
		57F645F21B4CA3710088D115 /* SCNButton.swift */ = {isa = PBXFileReference; fileEncoding = 4; lastKnownFileType = sourcecode.swift; path = SCNButton.swift; sourceTree = "<group>"; };
		57F645F41B4CACB60088D115 /* PanelRadio.swift */ = {isa = PBXFileReference; fileEncoding = 4; lastKnownFileType = sourcecode.swift; path = PanelRadio.swift; sourceTree = "<group>"; };
		57F645F61B4CC0C20088D115 /* PanelConsole.swift */ = {isa = PBXFileReference; fileEncoding = 4; lastKnownFileType = sourcecode.swift; path = PanelConsole.swift; sourceTree = "<group>"; };
/* End PBXFileReference section */

/* Begin PBXFrameworksBuildPhase section */
		03DDE17719CE497F008029A8 /* Frameworks */ = {
			isa = PBXFrameworksBuildPhase;
			buildActionMask = 2147483647;
			files = (
			);
			runOnlyForDeploymentPostprocessing = 0;
		};
/* End PBXFrameworksBuildPhase section */

/* Begin PBXGroup section */
		03DDE17119CE497F008029A8 = {
			isa = PBXGroup;
			children = (
				03DDE17C19CE497F008029A8 /* verdeciel */,
				03DDE19419CE497F008029A8 /* verdecielTests */,
				03DDE17B19CE497F008029A8 /* Products */,
			);
			sourceTree = "<group>";
		};
		03DDE17B19CE497F008029A8 /* Products */ = {
			isa = PBXGroup;
			children = (
				03DDE17A19CE497F008029A8 /* Verreciel.app */,
			);
			name = Products;
			sourceTree = "<group>";
		};
		03DDE17C19CE497F008029A8 /* verdeciel */ = {
			isa = PBXGroup;
			children = (
				5734D45B1B5AAA7800BF0048 /* Todo */,
				03DDE18319CE497F008029A8 /* GameViewController.swift */,
				579419731B58AEB100F9FF87 /* Core */,
				573627791B4C06E800899EBC /* Components */,
				5736277A1B4C06FE00899EBC /* Panels */,
				03DDE17D19CE497F008029A8 /* Supporting Files */,
			);
			path = verdeciel;
			sourceTree = "<group>";
		};
		03DDE17D19CE497F008029A8 /* Supporting Files */ = {
			isa = PBXGroup;
			children = (
				03DDE17F19CE497F008029A8 /* AppDelegate.swift */,
				03DDE18519CE497F008029A8 /* Main.storyboard */,
				03DDE18A19CE497F008029A8 /* LaunchScreen.xib */,
				03DDE18819CE497F008029A8 /* Images.xcassets */,
				03DDE18119CE497F008029A8 /* art.scnassets */,
				03DDE17E19CE497F008029A8 /* Info.plist */,
			);
			name = "Supporting Files";
			sourceTree = "<group>";
		};
		03DDE19419CE497F008029A8 /* verdecielTests */ = {
			isa = PBXGroup;
			children = (
				03DDE19719CE497F008029A8 /* verdecielTests.swift */,
				03DDE19519CE497F008029A8 /* Supporting Files */,
			);
			path = verdecielTests;
			sourceTree = "<group>";
		};
		03DDE19519CE497F008029A8 /* Supporting Files */ = {
			isa = PBXGroup;
			children = (
				03DDE19619CE497F008029A8 /* Info.plist */,
			);
			name = "Supporting Files";
			sourceTree = "<group>";
		};
		573627791B4C06E800899EBC /* Components */ = {
			isa = PBXGroup;
			children = (
				57A0F10E1B3DDABF0007650F /* SCNEvent.swift */,
				57009F4F1B40CF4400E3EE83 /* SCNLink.swift */,
				573627771B4C06DF00899EBC /* SCNToggle.swift */,
				57DCE9D41B38EDCF0054613E /* SCNLabel.swift */,
				573627751B4BFD2900899EBC /* SCNKnob.swift */,
				57F645F21B4CA3710088D115 /* SCNButton.swift */,
				57858B221B546BD900DD9E4E /* SCNLine.swift */,
				578E954A1B59A06600B33294 /* SCNArrow.swift */,
				570599451B909E8E000F3E31 /* SCNPoly.swift */,
				570599471B90A20B000F3E31 /* SCNTriangle.swift */,
				57DB86FF1BAE389600DA5DE4 /* SCNPort.swift */,
			);
			name = Components;
			sourceTree = "<group>";
		};
		5736277A1B4C06FE00899EBC /* Panels */ = {
			isa = PBXGroup;
			children = (
				573EDAB21B4B46C4007C6D3C /* PanelMonitor.swift */,
				57A0F10C1B3DCD640007650F /* PanelRadar.swift */,
				573EDAB41B4B4762007C6D3C /* PanelNavigation.swift */,
				573EDAB61B4B4FCE007C6D3C /* PanelThruster.swift */,
				5736277B1B4C0A2300899EBC /* PanelBreaker.swift */,
				57F645F01B4CA2700088D115 /* PanelBeacon.swift */,
				57F645F41B4CACB60088D115 /* PanelRadio.swift */,
				57F645F61B4CC0C20088D115 /* PanelConsole.swift */,
				5717006D1B4D912000A8F563 /* PanelScanner.swift */,
				570599491B90D2F4000F3E31 /* PanelWindow.swift */,
			);
			name = Panels;
			sourceTree = "<group>";
		};
		579419731B58AEB100F9FF87 /* Core */ = {
			isa = PBXGroup;
			children = (
				5734D45D1B5AB36D00BF0048 /* CoreTime.swift */,
				579419711B58A3D200F9FF87 /* CorePlayer.swift */,
				57F3D8C61B58215400B9B859 /* CoreCapsule.swift */,
				5734D45F1B5AB4C400BF0048 /* CoreUniverse.swift */,
				5705994B1B90D8D9000F3E31 /* CoreSpace.swift */,
			);
			name = Core;
			sourceTree = "<group>";
		};
/* End PBXGroup section */

/* Begin PBXNativeTarget section */
		03DDE17919CE497F008029A8 /* Verreciel */ = {
			isa = PBXNativeTarget;
			buildConfigurationList = 03DDE19B19CE497F008029A8 /* Build configuration list for PBXNativeTarget "Verreciel" */;
			buildPhases = (
				03DDE17619CE497F008029A8 /* Sources */,
				03DDE17719CE497F008029A8 /* Frameworks */,
				03DDE17819CE497F008029A8 /* Resources */,
			);
			buildRules = (
			);
			dependencies = (
			);
			name = Verreciel;
			productName = verdeciel;
			productReference = 03DDE17A19CE497F008029A8 /* Verreciel.app */;
			productType = "com.apple.product-type.application";
		};
/* End PBXNativeTarget section */

/* Begin PBXProject section */
		03DDE17219CE497F008029A8 /* Project object */ = {
			isa = PBXProject;
			attributes = {
				LastSwiftUpdateCheck = 0700;
				LastUpgradeCheck = 0700;
				ORGANIZATIONNAME = XXIIVV;
				TargetAttributes = {
					03DDE17919CE497F008029A8 = {
						CreatedOnToolsVersion = 6.0.1;
					};
				};
			};
			buildConfigurationList = 03DDE17519CE497F008029A8 /* Build configuration list for PBXProject "Verreciel" */;
			compatibilityVersion = "Xcode 3.2";
			developmentRegion = English;
			hasScannedForEncodings = 0;
			knownRegions = (
				en,
				Base,
			);
			mainGroup = 03DDE17119CE497F008029A8;
			productRefGroup = 03DDE17B19CE497F008029A8 /* Products */;
			projectDirPath = "";
			projectRoot = "";
			targets = (
				03DDE17919CE497F008029A8 /* Verreciel */,
			);
		};
/* End PBXProject section */

/* Begin PBXResourcesBuildPhase section */
		03DDE17819CE497F008029A8 /* Resources */ = {
			isa = PBXResourcesBuildPhase;
			buildActionMask = 2147483647;
			files = (
				03DDE18C19CE497F008029A8 /* LaunchScreen.xib in Resources */,
				03DDE18919CE497F008029A8 /* Images.xcassets in Resources */,
				03DDE18219CE497F008029A8 /* art.scnassets in Resources */,
				03DDE18719CE497F008029A8 /* Main.storyboard in Resources */,
				5734D45C1B5AAA7800BF0048 /* Todo in Resources */,
			);
			runOnlyForDeploymentPostprocessing = 0;
		};
/* End PBXResourcesBuildPhase section */

/* Begin PBXSourcesBuildPhase section */
		03DDE17619CE497F008029A8 /* Sources */ = {
			isa = PBXSourcesBuildPhase;
			buildActionMask = 2147483647;
			files = (
				570599481B90A20B000F3E31 /* SCNTriangle.swift in Sources */,
				03DDE18419CE497F008029A8 /* GameViewController.swift in Sources */,
				573627781B4C06DF00899EBC /* SCNToggle.swift in Sources */,
				5736277C1B4C0A2300899EBC /* PanelBreaker.swift in Sources */,
				573627761B4BFD2900899EBC /* SCNKnob.swift in Sources */,
				5734D4601B5AB4C400BF0048 /* CoreUniverse.swift in Sources */,
				03DDE18019CE497F008029A8 /* AppDelegate.swift in Sources */,
				573EDAB51B4B4762007C6D3C /* PanelNavigation.swift in Sources */,
				57F645F51B4CACB60088D115 /* PanelRadio.swift in Sources */,
				57A0F10D1B3DCD640007650F /* PanelRadar.swift in Sources */,
				57F3D8C71B58215400B9B859 /* CoreCapsule.swift in Sources */,
				57858B231B546BD900DD9E4E /* SCNLine.swift in Sources */,
				57009F501B40CF4400E3EE83 /* SCNLink.swift in Sources */,
				57F645F71B4CC0C20088D115 /* PanelConsole.swift in Sources */,
				570599461B909E8E000F3E31 /* SCNPoly.swift in Sources */,
				573EDAB31B4B46C4007C6D3C /* PanelMonitor.swift in Sources */,
				5705994C1B90D8D9000F3E31 /* CoreSpace.swift in Sources */,
				57DB87001BAE389600DA5DE4 /* SCNPort.swift in Sources */,
				5734D45E1B5AB36D00BF0048 /* CoreTime.swift in Sources */,
				579419721B58A3D200F9FF87 /* CorePlayer.swift in Sources */,
				578E954B1B59A06600B33294 /* SCNArrow.swift in Sources */,
				57F645F31B4CA3710088D115 /* SCNButton.swift in Sources */,
				57F645F11B4CA2700088D115 /* PanelBeacon.swift in Sources */,
				57A0F10F1B3DDABF0007650F /* SCNEvent.swift in Sources */,
				57DCE9D51B38EDCF0054613E /* SCNLabel.swift in Sources */,
				5705994A1B90D2F4000F3E31 /* PanelWindow.swift in Sources */,
				573EDAB71B4B4FCE007C6D3C /* PanelThruster.swift in Sources */,
				5717006E1B4D912000A8F563 /* PanelScanner.swift in Sources */,
			);
			runOnlyForDeploymentPostprocessing = 0;
		};
/* End PBXSourcesBuildPhase section */

/* Begin PBXVariantGroup section */
		03DDE18519CE497F008029A8 /* Main.storyboard */ = {
			isa = PBXVariantGroup;
			children = (
				03DDE18619CE497F008029A8 /* Base */,
			);
			name = Main.storyboard;
			sourceTree = "<group>";
		};
		03DDE18A19CE497F008029A8 /* LaunchScreen.xib */ = {
			isa = PBXVariantGroup;
			children = (
				03DDE18B19CE497F008029A8 /* Base */,
			);
			name = LaunchScreen.xib;
			sourceTree = "<group>";
		};
/* End PBXVariantGroup section */

/* Begin XCBuildConfiguration section */
		03DDE19919CE497F008029A8 /* Debug */ = {
			isa = XCBuildConfiguration;
			buildSettings = {
				ALWAYS_SEARCH_USER_PATHS = NO;
				CLANG_CXX_LANGUAGE_STANDARD = "gnu++0x";
				CLANG_CXX_LIBRARY = "libc++";
				CLANG_ENABLE_MODULES = YES;
				CLANG_ENABLE_OBJC_ARC = YES;
				CLANG_WARN_BOOL_CONVERSION = YES;
				CLANG_WARN_CONSTANT_CONVERSION = YES;
				CLANG_WARN_DIRECT_OBJC_ISA_USAGE = YES_ERROR;
				CLANG_WARN_EMPTY_BODY = YES;
				CLANG_WARN_ENUM_CONVERSION = YES;
				CLANG_WARN_INT_CONVERSION = YES;
				CLANG_WARN_OBJC_ROOT_CLASS = YES_ERROR;
				CLANG_WARN_UNREACHABLE_CODE = YES;
				CLANG_WARN__DUPLICATE_METHOD_MATCH = YES;
				"CODE_SIGN_IDENTITY[sdk=iphoneos*]" = "iPhone Developer";
				COPY_PHASE_STRIP = NO;
				ENABLE_STRICT_OBJC_MSGSEND = YES;
				ENABLE_TESTABILITY = YES;
				GCC_C_LANGUAGE_STANDARD = gnu99;
				GCC_DYNAMIC_NO_PIC = NO;
				GCC_OPTIMIZATION_LEVEL = 0;
				GCC_PREPROCESSOR_DEFINITIONS = (
					"DEBUG=1",
					"$(inherited)",
				);
				GCC_SYMBOLS_PRIVATE_EXTERN = NO;
				GCC_WARN_64_TO_32_BIT_CONVERSION = YES;
				GCC_WARN_ABOUT_RETURN_TYPE = YES_ERROR;
				GCC_WARN_UNDECLARED_SELECTOR = YES;
				GCC_WARN_UNINITIALIZED_AUTOS = YES_AGGRESSIVE;
				GCC_WARN_UNUSED_FUNCTION = YES;
				GCC_WARN_UNUSED_VARIABLE = YES;
				IPHONEOS_DEPLOYMENT_TARGET = 8.0;
				MTL_ENABLE_DEBUG_INFO = YES;
				ONLY_ACTIVE_ARCH = YES;
				SDKROOT = iphoneos;
				SWIFT_OPTIMIZATION_LEVEL = "-Onone";
			};
			name = Debug;
		};
		03DDE19A19CE497F008029A8 /* Release */ = {
			isa = XCBuildConfiguration;
			buildSettings = {
				ALWAYS_SEARCH_USER_PATHS = NO;
				CLANG_CXX_LANGUAGE_STANDARD = "gnu++0x";
				CLANG_CXX_LIBRARY = "libc++";
				CLANG_ENABLE_MODULES = YES;
				CLANG_ENABLE_OBJC_ARC = YES;
				CLANG_WARN_BOOL_CONVERSION = YES;
				CLANG_WARN_CONSTANT_CONVERSION = YES;
				CLANG_WARN_DIRECT_OBJC_ISA_USAGE = YES_ERROR;
				CLANG_WARN_EMPTY_BODY = YES;
				CLANG_WARN_ENUM_CONVERSION = YES;
				CLANG_WARN_INT_CONVERSION = YES;
				CLANG_WARN_OBJC_ROOT_CLASS = YES_ERROR;
				CLANG_WARN_UNREACHABLE_CODE = YES;
				CLANG_WARN__DUPLICATE_METHOD_MATCH = YES;
				"CODE_SIGN_IDENTITY[sdk=iphoneos*]" = "iPhone Developer";
				COPY_PHASE_STRIP = YES;
				ENABLE_NS_ASSERTIONS = NO;
				ENABLE_STRICT_OBJC_MSGSEND = YES;
				GCC_C_LANGUAGE_STANDARD = gnu99;
				GCC_WARN_64_TO_32_BIT_CONVERSION = YES;
				GCC_WARN_ABOUT_RETURN_TYPE = YES_ERROR;
				GCC_WARN_UNDECLARED_SELECTOR = YES;
				GCC_WARN_UNINITIALIZED_AUTOS = YES_AGGRESSIVE;
				GCC_WARN_UNUSED_FUNCTION = YES;
				GCC_WARN_UNUSED_VARIABLE = YES;
				IPHONEOS_DEPLOYMENT_TARGET = 8.0;
				MTL_ENABLE_DEBUG_INFO = NO;
				SDKROOT = iphoneos;
				VALIDATE_PRODUCT = YES;
			};
			name = Release;
		};
		03DDE19C19CE497F008029A8 /* Debug */ = {
			isa = XCBuildConfiguration;
			buildSettings = {
				ASSETCATALOG_COMPILER_APPICON_NAME = AppIcon;
				INFOPLIST_FILE = verdeciel/Info.plist;
				LD_RUNPATH_SEARCH_PATHS = "$(inherited) @executable_path/Frameworks";
				PRODUCT_BUNDLE_IDENTIFIER = "com.xxiivv.$(PRODUCT_NAME:rfc1034identifier)";
				PRODUCT_NAME = Verreciel;
			};
			name = Debug;
		};
		03DDE19D19CE497F008029A8 /* Release */ = {
			isa = XCBuildConfiguration;
			buildSettings = {
				ASSETCATALOG_COMPILER_APPICON_NAME = AppIcon;
				INFOPLIST_FILE = verdeciel/Info.plist;
				LD_RUNPATH_SEARCH_PATHS = "$(inherited) @executable_path/Frameworks";
				PRODUCT_BUNDLE_IDENTIFIER = "com.xxiivv.$(PRODUCT_NAME:rfc1034identifier)";
				PRODUCT_NAME = Verreciel;
			};
			name = Release;
		};
/* End XCBuildConfiguration section */

/* Begin XCConfigurationList section */
		03DDE17519CE497F008029A8 /* Build configuration list for PBXProject "Verreciel" */ = {
			isa = XCConfigurationList;
			buildConfigurations = (
				03DDE19919CE497F008029A8 /* Debug */,
				03DDE19A19CE497F008029A8 /* Release */,
			);
			defaultConfigurationIsVisible = 0;
			defaultConfigurationName = Release;
		};
		03DDE19B19CE497F008029A8 /* Build configuration list for PBXNativeTarget "Verreciel" */ = {
			isa = XCConfigurationList;
			buildConfigurations = (
				03DDE19C19CE497F008029A8 /* Debug */,
				03DDE19D19CE497F008029A8 /* Release */,
			);
			defaultConfigurationIsVisible = 0;
			defaultConfigurationName = Release;
		};
/* End XCConfigurationList section */
	};
	rootObject = 03DDE17219CE497F008029A8 /* Project object */;
}
