// !$*UTF8*$!
{
	archiveVersion = 1;
	classes = {
	};
	objectVersion = 46;
	objects = {

/* Begin PBXBuildFile section */
		03DDE18019CE497F008029A8 /* AppDelegate.swift in Sources */ = {isa = PBXBuildFile; fileRef = 03DDE17F19CE497F008029A8 /* AppDelegate.swift */; };
		03DDE18419CE497F008029A8 /* GameViewController.swift in Sources */ = {isa = PBXBuildFile; fileRef = 03DDE18319CE497F008029A8 /* GameViewController.swift */; };
		03DDE18719CE497F008029A8 /* Main.storyboard in Resources */ = {isa = PBXBuildFile; fileRef = 03DDE18519CE497F008029A8 /* Main.storyboard */; };
		03DDE18919CE497F008029A8 /* Images.xcassets in Resources */ = {isa = PBXBuildFile; fileRef = 03DDE18819CE497F008029A8 /* Images.xcassets */; };
		03DDE18C19CE497F008029A8 /* LaunchScreen.xib in Resources */ = {isa = PBXBuildFile; fileRef = 03DDE18A19CE497F008029A8 /* LaunchScreen.xib */; };
		570599461B909E8E000F3E31 /* SCNPoly.swift in Sources */ = {isa = PBXBuildFile; fileRef = 570599451B909E8E000F3E31 /* SCNPoly.swift */; };
		570599481B90A20B000F3E31 /* SCNTriangle.swift in Sources */ = {isa = PBXBuildFile; fileRef = 570599471B90A20B000F3E31 /* SCNTriangle.swift */; };
		5705994A1B90D2F4000F3E31 /* PanelWindow.swift in Sources */ = {isa = PBXBuildFile; fileRef = 570599491B90D2F4000F3E31 /* PanelWindow.swift */; };
		5705994C1B90D8D9000F3E31 /* CoreSpace.swift in Sources */ = {isa = PBXBuildFile; fileRef = 5705994B1B90D8D9000F3E31 /* CoreSpace.swift */; };
		571728DF1BB03455002782A3 /* SCNNode.swift in Sources */ = {isa = PBXBuildFile; fileRef = 571728DE1BB03455002782A3 /* SCNNode.swift */; settings = {ASSET_TAGS = (); }; };
		571728E11BB049BB002782A3 /* PanelCargo.swift in Sources */ = {isa = PBXBuildFile; fileRef = 571728E01BB049BB002782A3 /* PanelCargo.swift */; settings = {ASSET_TAGS = (); }; };
		571728E31BB05595002782A3 /* SCNTrigger.swift in Sources */ = {isa = PBXBuildFile; fileRef = 571728E21BB05595002782A3 /* SCNTrigger.swift */; settings = {ASSET_TAGS = (); }; };
		571728E51BB06413002782A3 /* SCNCommand.swift in Sources */ = {isa = PBXBuildFile; fileRef = 571728E41BB06413002782A3 /* SCNCommand.swift */; settings = {ASSET_TAGS = (); }; };
		571728EA1BB07FB8002782A3 /* PanelBattery.swift in Sources */ = {isa = PBXBuildFile; fileRef = 571728E91BB07FB8002782A3 /* PanelBattery.swift */; settings = {ASSET_TAGS = (); }; };
		572258151BB877C600DEC41E /* EventPortal.swift in Sources */ = {isa = PBXBuildFile; fileRef = 572258141BB877C600DEC41E /* EventPortal.swift */; settings = {ASSET_TAGS = (); }; };
		5734D45C1B5AAA7800BF0048 /* Todo in Resources */ = {isa = PBXBuildFile; fileRef = 5734D45B1B5AAA7800BF0048 /* Todo */; };
		5734D45E1B5AB36D00BF0048 /* CoreTime.swift in Sources */ = {isa = PBXBuildFile; fileRef = 5734D45D1B5AB36D00BF0048 /* CoreTime.swift */; };
		5734D4601B5AB4C400BF0048 /* CoreUniverse.swift in Sources */ = {isa = PBXBuildFile; fileRef = 5734D45F1B5AB4C400BF0048 /* CoreUniverse.swift */; };
		5734E3A71BB2EF7A007B42AD /* PanelRadio.swift in Sources */ = {isa = PBXBuildFile; fileRef = 5734E3A61BB2EF7A007B42AD /* PanelRadio.swift */; settings = {ASSET_TAGS = (); }; };
		5734E3A91BB2F2C3007B42AD /* PanelTranslator.swift in Sources */ = {isa = PBXBuildFile; fileRef = 5734E3A81BB2F2C3007B42AD /* PanelTranslator.swift */; settings = {ASSET_TAGS = (); }; };
		573EDAB31B4B46C4007C6D3C /* PanelMonitor.swift in Sources */ = {isa = PBXBuildFile; fileRef = 573EDAB21B4B46C4007C6D3C /* PanelMonitor.swift */; };
		573EDAB51B4B4762007C6D3C /* PanelPilot.swift in Sources */ = {isa = PBXBuildFile; fileRef = 573EDAB41B4B4762007C6D3C /* PanelPilot.swift */; };
		573EDAB71B4B4FCE007C6D3C /* PanelThruster.swift in Sources */ = {isa = PBXBuildFile; fileRef = 573EDAB61B4B4FCE007C6D3C /* PanelThruster.swift */; };
		5741B0681BB5C9B7000F7FEF /* SCNInstance.swift in Sources */ = {isa = PBXBuildFile; fileRef = 5741B0671BB5C9B7000F7FEF /* SCNInstance.swift */; settings = {ASSET_TAGS = (); }; };
		574AE3F71BC36DAE00432603 /* EventPath.swift in Sources */ = {isa = PBXBuildFile; fileRef = 574AE3F61BC36DAE00432603 /* EventPath.swift */; settings = {ASSET_TAGS = (); }; };
		574E5FBB1BC57749008130AB /* ItemLibrary.swift in Sources */ = {isa = PBXBuildFile; fileRef = 574E5FBA1BC57749008130AB /* ItemLibrary.swift */; settings = {ASSET_TAGS = (); }; };
		574E5FBE1BC5775F008130AB /* LocationLibrary.swift in Sources */ = {isa = PBXBuildFile; fileRef = 574E5FBD1BC5775F008130AB /* LocationLibrary.swift */; settings = {ASSET_TAGS = (); }; };
		57858B231B546BD900DD9E4E /* SCNLine.swift in Sources */ = {isa = PBXBuildFile; fileRef = 57858B221B546BD900DD9E4E /* SCNLine.swift */; };
		579419721B58A3D200F9FF87 /* CorePlayer.swift in Sources */ = {isa = PBXBuildFile; fileRef = 579419711B58A3D200F9FF87 /* CorePlayer.swift */; };
		57A0F10D1B3DCD640007650F /* PanelRadar.swift in Sources */ = {isa = PBXBuildFile; fileRef = 57A0F10C1B3DCD640007650F /* PanelRadar.swift */; };
		57A0F10F1B3DDABF0007650F /* Event.swift in Sources */ = {isa = PBXBuildFile; fileRef = 57A0F10E1B3DDABF0007650F /* Event.swift */; };
		57C915171BC45E91009454C4 /* Panel.swift in Sources */ = {isa = PBXBuildFile; fileRef = 57C915161BC45E91009454C4 /* Panel.swift */; settings = {ASSET_TAGS = (); }; };
		57CA80981BB9CEA3000D31F7 /* EventCargo.swift in Sources */ = {isa = PBXBuildFile; fileRef = 57CA80971BB9CEA3000D31F7 /* EventCargo.swift */; settings = {ASSET_TAGS = (); }; };
		57DB87001BAE389600DA5DE4 /* SCNPort.swift in Sources */ = {isa = PBXBuildFile; fileRef = 57DB86FF1BAE389600DA5DE4 /* SCNPort.swift */; settings = {ASSET_TAGS = (); }; };
		57DCE9D51B38EDCF0054613E /* SCNLabel.swift in Sources */ = {isa = PBXBuildFile; fileRef = 57DCE9D41B38EDCF0054613E /* SCNLabel.swift */; };
		57EDED221BC17321005DF3DE /* EventBeacon.swift in Sources */ = {isa = PBXBuildFile; fileRef = 57EDED211BC17321005DF3DE /* EventBeacon.swift */; settings = {ASSET_TAGS = (); }; };
		57F3D8C71B58215400B9B859 /* CoreCapsule.swift in Sources */ = {isa = PBXBuildFile; fileRef = 57F3D8C61B58215400B9B859 /* CoreCapsule.swift */; };
		57F4FA111BB8CECF00AEE66C /* PanelCustom.swift in Sources */ = {isa = PBXBuildFile; fileRef = 57F4FA101BB8CECF00AEE66C /* PanelCustom.swift */; settings = {ASSET_TAGS = (); }; };
		57F645F11B4CA2700088D115 /* PanelHatch.swift in Sources */ = {isa = PBXBuildFile; fileRef = 57F645F01B4CA2700088D115 /* PanelHatch.swift */; };
		57F645F71B4CC0C20088D115 /* PanelConsole.swift in Sources */ = {isa = PBXBuildFile; fileRef = 57F645F61B4CC0C20088D115 /* PanelConsole.swift */; };
		57FA031D1BBA21490077D517 /* EventStation.swift in Sources */ = {isa = PBXBuildFile; fileRef = 57FA031C1BBA21490077D517 /* EventStation.swift */; settings = {ASSET_TAGS = (); }; };
		57FA031F1BBA22FE0077D517 /* EventStar.swift in Sources */ = {isa = PBXBuildFile; fileRef = 57FA031E1BBA22FE0077D517 /* EventStar.swift */; settings = {ASSET_TAGS = (); }; };
/* End PBXBuildFile section */

/* Begin PBXFileReference section */
		03DDE17A19CE497F008029A8 /* Verreciel.app */ = {isa = PBXFileReference; explicitFileType = wrapper.application; includeInIndex = 0; path = Verreciel.app; sourceTree = BUILT_PRODUCTS_DIR; };
		03DDE17E19CE497F008029A8 /* Info.plist */ = {isa = PBXFileReference; lastKnownFileType = text.plist.xml; path = Info.plist; sourceTree = "<group>"; };
		03DDE17F19CE497F008029A8 /* AppDelegate.swift */ = {isa = PBXFileReference; lastKnownFileType = sourcecode.swift; path = AppDelegate.swift; sourceTree = "<group>"; };
		03DDE18319CE497F008029A8 /* GameViewController.swift */ = {isa = PBXFileReference; lastKnownFileType = sourcecode.swift; path = GameViewController.swift; sourceTree = "<group>"; };
		03DDE18619CE497F008029A8 /* Base */ = {isa = PBXFileReference; lastKnownFileType = file.storyboard; name = Base; path = Base.lproj/Main.storyboard; sourceTree = "<group>"; };
		03DDE18819CE497F008029A8 /* Images.xcassets */ = {isa = PBXFileReference; lastKnownFileType = folder.assetcatalog; path = Images.xcassets; sourceTree = "<group>"; };
		03DDE18B19CE497F008029A8 /* Base */ = {isa = PBXFileReference; lastKnownFileType = file.xib; name = Base; path = Base.lproj/LaunchScreen.xib; sourceTree = "<group>"; };
		03DDE19619CE497F008029A8 /* Info.plist */ = {isa = PBXFileReference; lastKnownFileType = text.plist.xml; path = Info.plist; sourceTree = "<group>"; };
		03DDE19719CE497F008029A8 /* verdecielTests.swift */ = {isa = PBXFileReference; lastKnownFileType = sourcecode.swift; path = verdecielTests.swift; sourceTree = "<group>"; };
		570599451B909E8E000F3E31 /* SCNPoly.swift */ = {isa = PBXFileReference; fileEncoding = 4; lastKnownFileType = sourcecode.swift; path = SCNPoly.swift; sourceTree = "<group>"; };
		570599471B90A20B000F3E31 /* SCNTriangle.swift */ = {isa = PBXFileReference; fileEncoding = 4; lastKnownFileType = sourcecode.swift; path = SCNTriangle.swift; sourceTree = "<group>"; };
		570599491B90D2F4000F3E31 /* PanelWindow.swift */ = {isa = PBXFileReference; fileEncoding = 4; lastKnownFileType = sourcecode.swift; path = PanelWindow.swift; sourceTree = "<group>"; };
		5705994B1B90D8D9000F3E31 /* CoreSpace.swift */ = {isa = PBXFileReference; fileEncoding = 4; lastKnownFileType = sourcecode.swift; path = CoreSpace.swift; sourceTree = "<group>"; };
		571728DE1BB03455002782A3 /* SCNNode.swift */ = {isa = PBXFileReference; fileEncoding = 4; lastKnownFileType = sourcecode.swift; path = SCNNode.swift; sourceTree = "<group>"; };
		571728E01BB049BB002782A3 /* PanelCargo.swift */ = {isa = PBXFileReference; fileEncoding = 4; lastKnownFileType = sourcecode.swift; path = PanelCargo.swift; sourceTree = "<group>"; };
		571728E21BB05595002782A3 /* SCNTrigger.swift */ = {isa = PBXFileReference; fileEncoding = 4; lastKnownFileType = sourcecode.swift; path = SCNTrigger.swift; sourceTree = "<group>"; };
		571728E41BB06413002782A3 /* SCNCommand.swift */ = {isa = PBXFileReference; fileEncoding = 4; lastKnownFileType = sourcecode.swift; path = SCNCommand.swift; sourceTree = "<group>"; };
		571728E91BB07FB8002782A3 /* PanelBattery.swift */ = {isa = PBXFileReference; fileEncoding = 4; lastKnownFileType = sourcecode.swift; path = PanelBattery.swift; sourceTree = "<group>"; };
		572258141BB877C600DEC41E /* EventPortal.swift */ = {isa = PBXFileReference; fileEncoding = 4; lastKnownFileType = sourcecode.swift; path = EventPortal.swift; sourceTree = "<group>"; };
		5734D45B1B5AAA7800BF0048 /* Todo */ = {isa = PBXFileReference; fileEncoding = 4; lastKnownFileType = text; path = Todo; sourceTree = "<group>"; };
		5734D45D1B5AB36D00BF0048 /* CoreTime.swift */ = {isa = PBXFileReference; fileEncoding = 4; lastKnownFileType = sourcecode.swift; path = CoreTime.swift; sourceTree = "<group>"; };
		5734D45F1B5AB4C400BF0048 /* CoreUniverse.swift */ = {isa = PBXFileReference; fileEncoding = 4; lastKnownFileType = sourcecode.swift; path = CoreUniverse.swift; sourceTree = "<group>"; };
		5734E3A61BB2EF7A007B42AD /* PanelRadio.swift */ = {isa = PBXFileReference; fileEncoding = 4; lastKnownFileType = sourcecode.swift; path = PanelRadio.swift; sourceTree = "<group>"; };
		5734E3A81BB2F2C3007B42AD /* PanelTranslator.swift */ = {isa = PBXFileReference; fileEncoding = 4; lastKnownFileType = sourcecode.swift; path = PanelTranslator.swift; sourceTree = "<group>"; };
		573EDAB21B4B46C4007C6D3C /* PanelMonitor.swift */ = {isa = PBXFileReference; fileEncoding = 4; lastKnownFileType = sourcecode.swift; path = PanelMonitor.swift; sourceTree = "<group>"; };
		573EDAB41B4B4762007C6D3C /* PanelPilot.swift */ = {isa = PBXFileReference; fileEncoding = 4; lastKnownFileType = sourcecode.swift; path = PanelPilot.swift; sourceTree = "<group>"; };
		573EDAB61B4B4FCE007C6D3C /* PanelThruster.swift */ = {isa = PBXFileReference; fileEncoding = 4; lastKnownFileType = sourcecode.swift; path = PanelThruster.swift; sourceTree = "<group>"; };
		5741B0671BB5C9B7000F7FEF /* SCNInstance.swift */ = {isa = PBXFileReference; fileEncoding = 4; lastKnownFileType = sourcecode.swift; path = SCNInstance.swift; sourceTree = "<group>"; };
		574AE3F61BC36DAE00432603 /* EventPath.swift */ = {isa = PBXFileReference; fileEncoding = 4; lastKnownFileType = sourcecode.swift; path = EventPath.swift; sourceTree = "<group>"; };
		574E5FBA1BC57749008130AB /* ItemLibrary.swift */ = {isa = PBXFileReference; fileEncoding = 4; lastKnownFileType = sourcecode.swift; path = ItemLibrary.swift; sourceTree = "<group>"; };
		574E5FBD1BC5775F008130AB /* LocationLibrary.swift */ = {isa = PBXFileReference; fileEncoding = 4; lastKnownFileType = sourcecode.swift; path = LocationLibrary.swift; sourceTree = "<group>"; };
		57858B221B546BD900DD9E4E /* SCNLine.swift */ = {isa = PBXFileReference; fileEncoding = 4; lastKnownFileType = sourcecode.swift; path = SCNLine.swift; sourceTree = "<group>"; };
		579419711B58A3D200F9FF87 /* CorePlayer.swift */ = {isa = PBXFileReference; fileEncoding = 4; lastKnownFileType = sourcecode.swift; path = CorePlayer.swift; sourceTree = "<group>"; };
		57A0F10C1B3DCD640007650F /* PanelRadar.swift */ = {isa = PBXFileReference; fileEncoding = 4; lastKnownFileType = sourcecode.swift; path = PanelRadar.swift; sourceTree = "<group>"; };
		57A0F10E1B3DDABF0007650F /* Event.swift */ = {isa = PBXFileReference; fileEncoding = 4; lastKnownFileType = sourcecode.swift; path = Event.swift; sourceTree = "<group>"; };
		57C915161BC45E91009454C4 /* Panel.swift */ = {isa = PBXFileReference; fileEncoding = 4; lastKnownFileType = sourcecode.swift; path = Panel.swift; sourceTree = "<group>"; };
		57CA80971BB9CEA3000D31F7 /* EventCargo.swift */ = {isa = PBXFileReference; fileEncoding = 4; lastKnownFileType = sourcecode.swift; path = EventCargo.swift; sourceTree = "<group>"; };
		57DB86FF1BAE389600DA5DE4 /* SCNPort.swift */ = {isa = PBXFileReference; fileEncoding = 4; lastKnownFileType = sourcecode.swift; path = SCNPort.swift; sourceTree = "<group>"; };
		57DCE9D41B38EDCF0054613E /* SCNLabel.swift */ = {isa = PBXFileReference; fileEncoding = 4; lastKnownFileType = sourcecode.swift; path = SCNLabel.swift; sourceTree = "<group>"; };
		57EDED211BC17321005DF3DE /* EventBeacon.swift */ = {isa = PBXFileReference; fileEncoding = 4; lastKnownFileType = sourcecode.swift; path = EventBeacon.swift; sourceTree = "<group>"; };
		57F3D8C61B58215400B9B859 /* CoreCapsule.swift */ = {isa = PBXFileReference; fileEncoding = 4; lastKnownFileType = sourcecode.swift; path = CoreCapsule.swift; sourceTree = "<group>"; };
		57F4FA101BB8CECF00AEE66C /* PanelCustom.swift */ = {isa = PBXFileReference; fileEncoding = 4; lastKnownFileType = sourcecode.swift; path = PanelCustom.swift; sourceTree = "<group>"; };
		57F645F01B4CA2700088D115 /* PanelHatch.swift */ = {isa = PBXFileReference; fileEncoding = 4; lastKnownFileType = sourcecode.swift; path = PanelHatch.swift; sourceTree = "<group>"; };
		57F645F61B4CC0C20088D115 /* PanelConsole.swift */ = {isa = PBXFileReference; fileEncoding = 4; lastKnownFileType = sourcecode.swift; path = PanelConsole.swift; sourceTree = "<group>"; };
		57FA031C1BBA21490077D517 /* EventStation.swift */ = {isa = PBXFileReference; fileEncoding = 4; lastKnownFileType = sourcecode.swift; path = EventStation.swift; sourceTree = "<group>"; };
		57FA031E1BBA22FE0077D517 /* EventStar.swift */ = {isa = PBXFileReference; fileEncoding = 4; lastKnownFileType = sourcecode.swift; path = EventStar.swift; sourceTree = "<group>"; };
/* End PBXFileReference section */

/* Begin PBXFrameworksBuildPhase section */
		03DDE17719CE497F008029A8 /* Frameworks */ = {
			isa = PBXFrameworksBuildPhase;
			buildActionMask = 2147483647;
			files = (
			);
			runOnlyForDeploymentPostprocessing = 0;
		};
/* End PBXFrameworksBuildPhase section */

/* Begin PBXGroup section */
		03DDE17119CE497F008029A8 = {
			isa = PBXGroup;
			children = (
				03DDE17C19CE497F008029A8 /* verdeciel */,
				03DDE19419CE497F008029A8 /* verdecielTests */,
				03DDE17B19CE497F008029A8 /* Products */,
			);
			sourceTree = "<group>";
		};
		03DDE17B19CE497F008029A8 /* Products */ = {
			isa = PBXGroup;
			children = (
				03DDE17A19CE497F008029A8 /* Verreciel.app */,
			);
			name = Products;
			sourceTree = "<group>";
		};
		03DDE17C19CE497F008029A8 /* verdeciel */ = {
			isa = PBXGroup;
			children = (
				5734D45B1B5AAA7800BF0048 /* Todo */,
				03DDE18319CE497F008029A8 /* GameViewController.swift */,
				579419731B58AEB100F9FF87 /* Core */,
				572258131BB8779900DEC41E /* Events */,
				573627791B4C06E800899EBC /* Components */,
				5736277A1B4C06FE00899EBC /* Panels */,
				574E5FBC1BC5774C008130AB /* Library */,
				03DDE17D19CE497F008029A8 /* Supporting Files */,
			);
			path = verdeciel;
			sourceTree = "<group>";
		};
		03DDE17D19CE497F008029A8 /* Supporting Files */ = {
			isa = PBXGroup;
			children = (
				03DDE17F19CE497F008029A8 /* AppDelegate.swift */,
				03DDE18519CE497F008029A8 /* Main.storyboard */,
				03DDE18A19CE497F008029A8 /* LaunchScreen.xib */,
				03DDE18819CE497F008029A8 /* Images.xcassets */,
				03DDE17E19CE497F008029A8 /* Info.plist */,
			);
			name = "Supporting Files";
			sourceTree = "<group>";
		};
		03DDE19419CE497F008029A8 /* verdecielTests */ = {
			isa = PBXGroup;
			children = (
				03DDE19719CE497F008029A8 /* verdecielTests.swift */,
				03DDE19519CE497F008029A8 /* Supporting Files */,
			);
			path = verdecielTests;
			sourceTree = "<group>";
		};
		03DDE19519CE497F008029A8 /* Supporting Files */ = {
			isa = PBXGroup;
			children = (
				03DDE19619CE497F008029A8 /* Info.plist */,
			);
			name = "Supporting Files";
			sourceTree = "<group>";
		};
		572258131BB8779900DEC41E /* Events */ = {
			isa = PBXGroup;
			children = (
				57A0F10E1B3DDABF0007650F /* Event.swift */,
				572258141BB877C600DEC41E /* EventPortal.swift */,
				57CA80971BB9CEA3000D31F7 /* EventCargo.swift */,
				57FA031C1BBA21490077D517 /* EventStation.swift */,
				57FA031E1BBA22FE0077D517 /* EventStar.swift */,
				57EDED211BC17321005DF3DE /* EventBeacon.swift */,
				574AE3F61BC36DAE00432603 /* EventPath.swift */,
			);
			name = Events;
			sourceTree = "<group>";
		};
		573627791B4C06E800899EBC /* Components */ = {
			isa = PBXGroup;
			children = (
				571728DE1BB03455002782A3 /* SCNNode.swift */,
				5741B0671BB5C9B7000F7FEF /* SCNInstance.swift */,
				571728E41BB06413002782A3 /* SCNCommand.swift */,
				57DB86FF1BAE389600DA5DE4 /* SCNPort.swift */,
				57DCE9D41B38EDCF0054613E /* SCNLabel.swift */,
				571728E21BB05595002782A3 /* SCNTrigger.swift */,
				570599451B909E8E000F3E31 /* SCNPoly.swift */,
				570599471B90A20B000F3E31 /* SCNTriangle.swift */,
				57858B221B546BD900DD9E4E /* SCNLine.swift */,
			);
			name = Components;
			sourceTree = "<group>";
		};
		5736277A1B4C06FE00899EBC /* Panels */ = {
			isa = PBXGroup;
			children = (
				57C915161BC45E91009454C4 /* Panel.swift */,
				570599491B90D2F4000F3E31 /* PanelWindow.swift */,
				573EDAB21B4B46C4007C6D3C /* PanelMonitor.swift */,
				57F645F61B4CC0C20088D115 /* PanelConsole.swift */,
				57A0F10C1B3DCD640007650F /* PanelRadar.swift */,
				571728E91BB07FB8002782A3 /* PanelBattery.swift */,
				57F4FA101BB8CECF00AEE66C /* PanelCustom.swift */,
				573EDAB61B4B4FCE007C6D3C /* PanelThruster.swift */,
				571728E01BB049BB002782A3 /* PanelCargo.swift */,
				57F645F01B4CA2700088D115 /* PanelHatch.swift */,
				573EDAB41B4B4762007C6D3C /* PanelPilot.swift */,
				5734E3A61BB2EF7A007B42AD /* PanelRadio.swift */,
				5734E3A81BB2F2C3007B42AD /* PanelTranslator.swift */,
			);
			name = Panels;
			sourceTree = "<group>";
		};
		574E5FBC1BC5774C008130AB /* Library */ = {
			isa = PBXGroup;
			children = (
				574E5FBA1BC57749008130AB /* ItemLibrary.swift */,
				574E5FBD1BC5775F008130AB /* LocationLibrary.swift */,
			);
			name = Library;
			sourceTree = "<group>";
		};
		579419731B58AEB100F9FF87 /* Core */ = {
			isa = PBXGroup;
			children = (
				5734D45D1B5AB36D00BF0048 /* CoreTime.swift */,
				579419711B58A3D200F9FF87 /* CorePlayer.swift */,
				57F3D8C61B58215400B9B859 /* CoreCapsule.swift */,
				5734D45F1B5AB4C400BF0048 /* CoreUniverse.swift */,
				5705994B1B90D8D9000F3E31 /* CoreSpace.swift */,
			);
			name = Core;
			sourceTree = "<group>";
		};
/* End PBXGroup section */

/* Begin PBXNativeTarget section */
		03DDE17919CE497F008029A8 /* Verreciel */ = {
			isa = PBXNativeTarget;
			buildConfigurationList = 03DDE19B19CE497F008029A8 /* Build configuration list for PBXNativeTarget "Verreciel" */;
			buildPhases = (
				03DDE17619CE497F008029A8 /* Sources */,
				03DDE17719CE497F008029A8 /* Frameworks */,
				03DDE17819CE497F008029A8 /* Resources */,
			);
			buildRules = (
			);
			dependencies = (
			);
			name = Verreciel;
			productName = verdeciel;
			productReference = 03DDE17A19CE497F008029A8 /* Verreciel.app */;
			productType = "com.apple.product-type.application";
		};
/* End PBXNativeTarget section */

/* Begin PBXProject section */
		03DDE17219CE497F008029A8 /* Project object */ = {
			isa = PBXProject;
			attributes = {
				LastSwiftUpdateCheck = 0700;
				LastUpgradeCheck = 0700;
				ORGANIZATIONNAME = XXIIVV;
				TargetAttributes = {
					03DDE17919CE497F008029A8 = {
						CreatedOnToolsVersion = 6.0.1;
						DevelopmentTeam = B948MFAE5C;
					};
				};
			};
			buildConfigurationList = 03DDE17519CE497F008029A8 /* Build configuration list for PBXProject "Verreciel" */;
			compatibilityVersion = "Xcode 3.2";
			developmentRegion = English;
			hasScannedForEncodings = 0;
			knownRegions = (
				en,
				Base,
			);
			mainGroup = 03DDE17119CE497F008029A8;
			productRefGroup = 03DDE17B19CE497F008029A8 /* Products */;
			projectDirPath = "";
			projectRoot = "";
			targets = (
				03DDE17919CE497F008029A8 /* Verreciel */,
			);
		};
/* End PBXProject section */

/* Begin PBXResourcesBuildPhase section */
		03DDE17819CE497F008029A8 /* Resources */ = {
			isa = PBXResourcesBuildPhase;
			buildActionMask = 2147483647;
			files = (
				03DDE18C19CE497F008029A8 /* LaunchScreen.xib in Resources */,
				03DDE18919CE497F008029A8 /* Images.xcassets in Resources */,
				03DDE18719CE497F008029A8 /* Main.storyboard in Resources */,
				5734D45C1B5AAA7800BF0048 /* Todo in Resources */,
			);
			runOnlyForDeploymentPostprocessing = 0;
		};
/* End PBXResourcesBuildPhase section */

/* Begin PBXSourcesBuildPhase section */
		03DDE17619CE497F008029A8 /* Sources */ = {
			isa = PBXSourcesBuildPhase;
			buildActionMask = 2147483647;
			files = (
				570599481B90A20B000F3E31 /* SCNTriangle.swift in Sources */,
				03DDE18419CE497F008029A8 /* GameViewController.swift in Sources */,
				5741B0681BB5C9B7000F7FEF /* SCNInstance.swift in Sources */,
				571728E11BB049BB002782A3 /* PanelCargo.swift in Sources */,
				57CA80981BB9CEA3000D31F7 /* EventCargo.swift in Sources */,
				571728E31BB05595002782A3 /* SCNTrigger.swift in Sources */,
				5734D4601B5AB4C400BF0048 /* CoreUniverse.swift in Sources */,
				03DDE18019CE497F008029A8 /* AppDelegate.swift in Sources */,
				573EDAB51B4B4762007C6D3C /* PanelPilot.swift in Sources */,
				57A0F10D1B3DCD640007650F /* PanelRadar.swift in Sources */,
				574E5FBE1BC5775F008130AB /* LocationLibrary.swift in Sources */,
				57F3D8C71B58215400B9B859 /* CoreCapsule.swift in Sources */,
				57858B231B546BD900DD9E4E /* SCNLine.swift in Sources */,
				571728E51BB06413002782A3 /* SCNCommand.swift in Sources */,
				5734E3A91BB2F2C3007B42AD /* PanelTranslator.swift in Sources */,
				57F645F71B4CC0C20088D115 /* PanelConsole.swift in Sources */,
				572258151BB877C600DEC41E /* EventPortal.swift in Sources */,
				57FA031F1BBA22FE0077D517 /* EventStar.swift in Sources */,
				570599461B909E8E000F3E31 /* SCNPoly.swift in Sources */,
				573EDAB31B4B46C4007C6D3C /* PanelMonitor.swift in Sources */,
				5705994C1B90D8D9000F3E31 /* CoreSpace.swift in Sources */,
				57DB87001BAE389600DA5DE4 /* SCNPort.swift in Sources */,
				5734D45E1B5AB36D00BF0048 /* CoreTime.swift in Sources */,
				574E5FBB1BC57749008130AB /* ItemLibrary.swift in Sources */,
				5734E3A71BB2EF7A007B42AD /* PanelRadio.swift in Sources */,
				579419721B58A3D200F9FF87 /* CorePlayer.swift in Sources */,
				57F4FA111BB8CECF00AEE66C /* PanelCustom.swift in Sources */,
				57EDED221BC17321005DF3DE /* EventBeacon.swift in Sources */,
				57C915171BC45E91009454C4 /* Panel.swift in Sources */,
				571728EA1BB07FB8002782A3 /* PanelBattery.swift in Sources */,
				57F645F11B4CA2700088D115 /* PanelHatch.swift in Sources */,
				57A0F10F1B3DDABF0007650F /* Event.swift in Sources */,
				57FA031D1BBA21490077D517 /* EventStation.swift in Sources */,
				57DCE9D51B38EDCF0054613E /* SCNLabel.swift in Sources */,
				5705994A1B90D2F4000F3E31 /* PanelWindow.swift in Sources */,
				573EDAB71B4B4FCE007C6D3C /* PanelThruster.swift in Sources */,
				571728DF1BB03455002782A3 /* SCNNode.swift in Sources */,
				574AE3F71BC36DAE00432603 /* EventPath.swift in Sources */,
			);
			runOnlyForDeploymentPostprocessing = 0;
		};
/* End PBXSourcesBuildPhase section */

/* Begin PBXVariantGroup section */
		03DDE18519CE497F008029A8 /* Main.storyboard */ = {
			isa = PBXVariantGroup;
			children = (
				03DDE18619CE497F008029A8 /* Base */,
			);
			name = Main.storyboard;
			sourceTree = "<group>";
		};
		03DDE18A19CE497F008029A8 /* LaunchScreen.xib */ = {
			isa = PBXVariantGroup;
			children = (
				03DDE18B19CE497F008029A8 /* Base */,
			);
			name = LaunchScreen.xib;
			sourceTree = "<group>";
		};
/* End PBXVariantGroup section */

/* Begin XCBuildConfiguration section */
		03DDE19919CE497F008029A8 /* Debug */ = {
			isa = XCBuildConfiguration;
			buildSettings = {
				ALWAYS_SEARCH_USER_PATHS = NO;
				CLANG_CXX_LANGUAGE_STANDARD = "gnu++0x";
				CLANG_CXX_LIBRARY = "libc++";
				CLANG_ENABLE_MODULES = YES;
				CLANG_ENABLE_OBJC_ARC = YES;
				CLANG_WARN_BOOL_CONVERSION = YES;
				CLANG_WARN_CONSTANT_CONVERSION = YES;
				CLANG_WARN_DIRECT_OBJC_ISA_USAGE = YES_ERROR;
				CLANG_WARN_EMPTY_BODY = YES;
				CLANG_WARN_ENUM_CONVERSION = YES;
				CLANG_WARN_INT_CONVERSION = YES;
				CLANG_WARN_OBJC_ROOT_CLASS = YES_ERROR;
				CLANG_WARN_UNREACHABLE_CODE = YES;
				CLANG_WARN__DUPLICATE_METHOD_MATCH = YES;
				"CODE_SIGN_IDENTITY[sdk=iphoneos*]" = "iPhone Developer";
				COPY_PHASE_STRIP = NO;
				ENABLE_STRICT_OBJC_MSGSEND = YES;
				ENABLE_TESTABILITY = YES;
				GCC_C_LANGUAGE_STANDARD = gnu99;
				GCC_DYNAMIC_NO_PIC = NO;
				GCC_OPTIMIZATION_LEVEL = 0;
				GCC_PREPROCESSOR_DEFINITIONS = (
					"DEBUG=1",
					"$(inherited)",
				);
				GCC_SYMBOLS_PRIVATE_EXTERN = NO;
				GCC_WARN_64_TO_32_BIT_CONVERSION = YES;
				GCC_WARN_ABOUT_RETURN_TYPE = YES_ERROR;
				GCC_WARN_UNDECLARED_SELECTOR = YES;
				GCC_WARN_UNINITIALIZED_AUTOS = YES_AGGRESSIVE;
				GCC_WARN_UNUSED_FUNCTION = YES;
				GCC_WARN_UNUSED_VARIABLE = YES;
				IPHONEOS_DEPLOYMENT_TARGET = 8.0;
				MTL_ENABLE_DEBUG_INFO = YES;
				ONLY_ACTIVE_ARCH = YES;
				SDKROOT = iphoneos;
				SWIFT_OPTIMIZATION_LEVEL = "-Onone";
			};
			name = Debug;
		};
		03DDE19A19CE497F008029A8 /* Release */ = {
			isa = XCBuildConfiguration;
			buildSettings = {
				ALWAYS_SEARCH_USER_PATHS = NO;
				CLANG_CXX_LANGUAGE_STANDARD = "gnu++0x";
				CLANG_CXX_LIBRARY = "libc++";
				CLANG_ENABLE_MODULES = YES;
				CLANG_ENABLE_OBJC_ARC = YES;
				CLANG_WARN_BOOL_CONVERSION = YES;
				CLANG_WARN_CONSTANT_CONVERSION = YES;
				CLANG_WARN_DIRECT_OBJC_ISA_USAGE = YES_ERROR;
				CLANG_WARN_EMPTY_BODY = YES;
				CLANG_WARN_ENUM_CONVERSION = YES;
				CLANG_WARN_INT_CONVERSION = YES;
				CLANG_WARN_OBJC_ROOT_CLASS = YES_ERROR;
				CLANG_WARN_UNREACHABLE_CODE = YES;
				CLANG_WARN__DUPLICATE_METHOD_MATCH = YES;
				"CODE_SIGN_IDENTITY[sdk=iphoneos*]" = "iPhone Developer";
				COPY_PHASE_STRIP = YES;
				ENABLE_NS_ASSERTIONS = NO;
				ENABLE_STRICT_OBJC_MSGSEND = YES;
				GCC_C_LANGUAGE_STANDARD = gnu99;
				GCC_WARN_64_TO_32_BIT_CONVERSION = YES;
				GCC_WARN_ABOUT_RETURN_TYPE = YES_ERROR;
				GCC_WARN_UNDECLARED_SELECTOR = YES;
				GCC_WARN_UNINITIALIZED_AUTOS = YES_AGGRESSIVE;
				GCC_WARN_UNUSED_FUNCTION = YES;
				GCC_WARN_UNUSED_VARIABLE = YES;
				IPHONEOS_DEPLOYMENT_TARGET = 8.0;
				MTL_ENABLE_DEBUG_INFO = NO;
				SDKROOT = iphoneos;
				VALIDATE_PRODUCT = YES;
			};
			name = Release;
		};
		03DDE19C19CE497F008029A8 /* Debug */ = {
			isa = XCBuildConfiguration;
			buildSettings = {
				ASSETCATALOG_COMPILER_APPICON_NAME = AppIcon;
				CODE_SIGN_IDENTITY = "iPhone Developer";
				"CODE_SIGN_IDENTITY[sdk=iphoneos*]" = "iPhone Developer";
				INFOPLIST_FILE = verdeciel/Info.plist;
				LD_RUNPATH_SEARCH_PATHS = "$(inherited) @executable_path/Frameworks";
				PRODUCT_BUNDLE_IDENTIFIER = "com.xxiivv.$(PRODUCT_NAME:rfc1034identifier)";
				PRODUCT_NAME = Verreciel;
				PROVISIONING_PROFILE = "";
			};
			name = Debug;
		};
		03DDE19D19CE497F008029A8 /* Release */ = {
			isa = XCBuildConfiguration;
			buildSettings = {
				ASSETCATALOG_COMPILER_APPICON_NAME = AppIcon;
				CODE_SIGN_IDENTITY = "iPhone Developer";
				"CODE_SIGN_IDENTITY[sdk=iphoneos*]" = "iPhone Developer";
				INFOPLIST_FILE = verdeciel/Info.plist;
				LD_RUNPATH_SEARCH_PATHS = "$(inherited) @executable_path/Frameworks";
				PRODUCT_BUNDLE_IDENTIFIER = "com.xxiivv.$(PRODUCT_NAME:rfc1034identifier)";
				PRODUCT_NAME = Verreciel;
				PROVISIONING_PROFILE = "";
			};
			name = Release;
		};
/* End XCBuildConfiguration section */

/* Begin XCConfigurationList section */
		03DDE17519CE497F008029A8 /* Build configuration list for PBXProject "Verreciel" */ = {
			isa = XCConfigurationList;
			buildConfigurations = (
				03DDE19919CE497F008029A8 /* Debug */,
				03DDE19A19CE497F008029A8 /* Release */,
			);
			defaultConfigurationIsVisible = 0;
			defaultConfigurationName = Release;
		};
		03DDE19B19CE497F008029A8 /* Build configuration list for PBXNativeTarget "Verreciel" */ = {
			isa = XCConfigurationList;
			buildConfigurations = (
				03DDE19C19CE497F008029A8 /* Debug */,
				03DDE19D19CE497F008029A8 /* Release */,
			);
			defaultConfigurationIsVisible = 0;
			defaultConfigurationName = Release;
		};
/* End XCConfigurationList section */
	};
	rootObject = 03DDE17219CE497F008029A8 /* Project object */;
}
